
Microsoft Visual Studio Solution File, Format Version 12.00
# Visual Studio Version 17
VisualStudioVersion = 17.7.34031.279
MinimumVisualStudioVersion = 10.0.40219.1
Project("{2150E333-8FDC-42A3-9474-1A3956D46DE8}") = "src", "src", "{AB6BFB46-E526-4D8F-A1EE-7C521CA5C0C3}"
EndProject
Project("{FAE04EC0-301F-11D3-BF4B-00C04F79EFBC}") = "Back-Log.Wpf", "Back-Log.Wpf\Back-Log.Wpf.csproj", "{430C3286-C54A-4936-9B87-C66B28E79953}"
EndProject
Project("{FAE04EC0-301F-11D3-BF4B-00C04F79EFBC}") = "Back-Log.Entity", "Back-Log.Entity\Back-Log.Entity.csproj", "{95A139B6-914F-408E-A4D8-6708289E0B24}"
EndProject
Project("{FAE04EC0-301F-11D3-BF4B-00C04F79EFBC}") = "Back-Log.Business", "Back-Log.Business\Back-Log.Business.csproj", "{7AF3C461-6660-4EF9-AA19-EF622DBAF17B}"
EndProject
Project("{2150E333-8FDC-42A3-9474-1A3956D46DE8}") = "tests", "tests", "{84C92F84-8B4A-4881-9077-3CBA5AF4EA09}"
EndProject
Project("{FAE04EC0-301F-11D3-BF4B-00C04F79EFBC}") = "Back-Log.Business.Tests", "Back-Log.Business.Tests\Back-Log.Business.Tests.csproj", "{773931EF-B887-4030-8446-29FF03F1152F}"
EndProject
Global
	GlobalSection(SolutionConfigurationPlatforms) = preSolution
		Debug|Any CPU = Debug|Any CPU
		Release|Any CPU = Release|Any CPU
	EndGlobalSection
	GlobalSection(ProjectConfigurationPlatforms) = postSolution
		{430C3286-C54A-4936-9B87-C66B28E79953}.Debug|Any CPU.ActiveCfg = Debug|Any CPU
		{430C3286-C54A-4936-9B87-C66B28E79953}.Debug|Any CPU.Build.0 = Debug|Any CPU
		{430C3286-C54A-4936-9B87-C66B28E79953}.Release|Any CPU.ActiveCfg = Release|Any CPU
		{430C3286-C54A-4936-9B87-C66B28E79953}.Release|Any CPU.Build.0 = Release|Any CPU
		{95A139B6-914F-408E-A4D8-6708289E0B24}.Debug|Any CPU.ActiveCfg = Debug|Any CPU
		{95A139B6-914F-408E-A4D8-6708289E0B24}.Debug|Any CPU.Build.0 = Debug|Any CPU
		{95A139B6-914F-408E-A4D8-6708289E0B24}.Release|Any CPU.ActiveCfg = Release|Any CPU
		{95A139B6-914F-408E-A4D8-6708289E0B24}.Release|Any CPU.Build.0 = Release|Any CPU
		{7AF3C461-6660-4EF9-AA19-EF622DBAF17B}.Debug|Any CPU.ActiveCfg = Debug|Any CPU
		{7AF3C461-6660-4EF9-AA19-EF622DBAF17B}.Debug|Any CPU.Build.0 = Debug|Any CPU
		{7AF3C461-6660-4EF9-AA19-EF622DBAF17B}.Release|Any CPU.ActiveCfg = Release|Any CPU
		{7AF3C461-6660-4EF9-AA19-EF622DBAF17B}.Release|Any CPU.Build.0 = Release|Any CPU
		{773931EF-B887-4030-8446-29FF03F1152F}.Debug|Any CPU.ActiveCfg = Debug|Any CPU
		{773931EF-B887-4030-8446-29FF03F1152F}.Debug|Any CPU.Build.0 = Debug|Any CPU
		{773931EF-B887-4030-8446-29FF03F1152F}.Release|Any CPU.ActiveCfg = Release|Any CPU
		{773931EF-B887-4030-8446-29FF03F1152F}.Release|Any CPU.Build.0 = Release|Any CPU
	EndGlobalSection
	GlobalSection(SolutionProperties) = preSolution
		HideSolutionNode = FALSE
	EndGlobalSection
	GlobalSection(NestedProjects) = preSolution
		{430C3286-C54A-4936-9B87-C66B28E79953} = {AB6BFB46-E526-4D8F-A1EE-7C521CA5C0C3}
		{95A139B6-914F-408E-A4D8-6708289E0B24} = {AB6BFB46-E526-4D8F-A1EE-7C521CA5C0C3}
		{7AF3C461-6660-4EF9-AA19-EF622DBAF17B} = {AB6BFB46-E526-4D8F-A1EE-7C521CA5C0C3}
		{773931EF-B887-4030-8446-29FF03F1152F} = {84C92F84-8B4A-4881-9077-3CBA5AF4EA09}
	EndGlobalSection
	GlobalSection(ExtensibilityGlobals) = postSolution
		SolutionGuid = {B3FDAABD-09C4-4AD6-98D5-7FD53E1B6EAD}
	EndGlobalSection
EndGlobal
